// !$*UTF8*$!
{
	archiveVersion = 1;
	classes = {
	};
	objectVersion = 56;
	objects = {

/* Begin PBXBuildFile section */
		3749E78629B798B900C01A41 /* Weather.swift in Sources */ = {isa = PBXBuildFile; fileRef = 3749E78529B798B900C01A41 /* Weather.swift */; };
		3749E79029B798DA00C01A41 /* WFRequest.swift in Sources */ = {isa = PBXBuildFile; fileRef = 3749E78829B798DA00C01A41 /* WFRequest.swift */; };
		3749E79129B798DA00C01A41 /* WFService.swift in Sources */ = {isa = PBXBuildFile; fileRef = 3749E78929B798DA00C01A41 /* WFService.swift */; };
		3749E79229B798DA00C01A41 /* WFEndPoints.swift in Sources */ = {isa = PBXBuildFile; fileRef = 3749E78A29B798DA00C01A41 /* WFEndPoints.swift */; };
		3749E79329B798DA00C01A41 /* WeatherAPIFramework.h in Headers */ = {isa = PBXBuildFile; fileRef = 3749E78B29B798DA00C01A41 /* WeatherAPIFramework.h */; };
		3749E79429B798DA00C01A41 /* WeatherApiCalls.swift in Sources */ = {isa = PBXBuildFile; fileRef = 3749E78C29B798DA00C01A41 /* WeatherApiCalls.swift */; };
		3749E79529B798DA00C01A41 /* Constants.swift in Sources */ = {isa = PBXBuildFile; fileRef = 3749E78E29B798DA00C01A41 /* Constants.swift */; };
		3749E79629B798DA00C01A41 /* WeatherAPIFramework.docc in Sources */ = {isa = PBXBuildFile; fileRef = 3749E78F29B798DA00C01A41 /* WeatherAPIFramework.docc */; };
		3749E79929B798EE00C01A41 /* WeatherAPIFrameworkTests.swift in Sources */ = {isa = PBXBuildFile; fileRef = 3749E79829B798EE00C01A41 /* WeatherAPIFrameworkTests.swift */; };
		3761AB4429B75BAA00C68588 /* WeatherAPIFramework.framework in Frameworks */ = {isa = PBXBuildFile; fileRef = 3761AB3929B75BAA00C68588 /* WeatherAPIFramework.framework */; };
/* End PBXBuildFile section */

/* Begin PBXContainerItemProxy section */
		3761AB4529B75BAA00C68588 /* PBXContainerItemProxy */ = {
			isa = PBXContainerItemProxy;
			containerPortal = 3761AB3029B75BAA00C68588 /* Project object */;
			proxyType = 1;
			remoteGlobalIDString = 3761AB3829B75BAA00C68588;
			remoteInfo = WeatherAPIFramework;
		};
/* End PBXContainerItemProxy section */

/* Begin PBXFileReference section */
		3749E78529B798B900C01A41 /* Weather.swift */ = {isa = PBXFileReference; fileEncoding = 4; lastKnownFileType = sourcecode.swift; path = Weather.swift; sourceTree = "<group>"; };
		3749E78829B798DA00C01A41 /* WFRequest.swift */ = {isa = PBXFileReference; fileEncoding = 4; lastKnownFileType = sourcecode.swift; path = WFRequest.swift; sourceTree = "<group>"; };
		3749E78929B798DA00C01A41 /* WFService.swift */ = {isa = PBXFileReference; fileEncoding = 4; lastKnownFileType = sourcecode.swift; path = WFService.swift; sourceTree = "<group>"; };
		3749E78A29B798DA00C01A41 /* WFEndPoints.swift */ = {isa = PBXFileReference; fileEncoding = 4; lastKnownFileType = sourcecode.swift; path = WFEndPoints.swift; sourceTree = "<group>"; };
		3749E78B29B798DA00C01A41 /* WeatherAPIFramework.h */ = {isa = PBXFileReference; fileEncoding = 4; lastKnownFileType = sourcecode.c.h; name = WeatherAPIFramework.h; path = WeatherAPIFramework/WeatherAPIFramework.h; sourceTree = "<group>"; };
		3749E78C29B798DA00C01A41 /* WeatherApiCalls.swift */ = {isa = PBXFileReference; fileEncoding = 4; lastKnownFileType = sourcecode.swift; name = WeatherApiCalls.swift; path = WeatherAPIFramework/WeatherApiCalls.swift; sourceTree = "<group>"; };
		3749E78E29B798DA00C01A41 /* Constants.swift */ = {isa = PBXFileReference; fileEncoding = 4; lastKnownFileType = sourcecode.swift; path = Constants.swift; sourceTree = "<group>"; };
		3749E78F29B798DA00C01A41 /* WeatherAPIFramework.docc */ = {isa = PBXFileReference; lastKnownFileType = folder.documentationcatalog; name = WeatherAPIFramework.docc; path = WeatherAPIFramework/WeatherAPIFramework.docc; sourceTree = "<group>"; };
		3749E79829B798EE00C01A41 /* WeatherAPIFrameworkTests.swift */ = {isa = PBXFileReference; fileEncoding = 4; lastKnownFileType = sourcecode.swift; path = WeatherAPIFrameworkTests.swift; sourceTree = "<group>"; };
		3761AB3929B75BAA00C68588 /* WeatherAPIFramework.framework */ = {isa = PBXFileReference; explicitFileType = wrapper.framework; includeInIndex = 0; path = WeatherAPIFramework.framework; sourceTree = BUILT_PRODUCTS_DIR; };
		3761AB4329B75BAA00C68588 /* WeatherAPIFrameworkTests.xctest */ = {isa = PBXFileReference; explicitFileType = wrapper.cfbundle; includeInIndex = 0; path = WeatherAPIFrameworkTests.xctest; sourceTree = BUILT_PRODUCTS_DIR; };
/* End PBXFileReference section */

/* Begin PBXFrameworksBuildPhase section */
		3761AB3629B75BAA00C68588 /* Frameworks */ = {
			isa = PBXFrameworksBuildPhase;
			buildActionMask = 2147483647;
			files = (
			);
			runOnlyForDeploymentPostprocessing = 0;
		};
		3761AB4029B75BAA00C68588 /* Frameworks */ = {
			isa = PBXFrameworksBuildPhase;
			buildActionMask = 2147483647;
			files = (
				3761AB4429B75BAA00C68588 /* WeatherAPIFramework.framework in Frameworks */,
			);
			runOnlyForDeploymentPostprocessing = 0;
		};
/* End PBXFrameworksBuildPhase section */

/* Begin PBXGroup section */
		3749E78429B798B900C01A41 /* Models */ = {
			isa = PBXGroup;
			children = (
				3749E78529B798B900C01A41 /* Weather.swift */,
			);
			name = Models;
			path = WeatherAPIFramework/Models;
			sourceTree = "<group>";
		};
		3749E78729B798DA00C01A41 /* APIClient */ = {
			isa = PBXGroup;
			children = (
				3749E78829B798DA00C01A41 /* WFRequest.swift */,
				3749E78929B798DA00C01A41 /* WFService.swift */,
				3749E78A29B798DA00C01A41 /* WFEndPoints.swift */,
			);
			name = APIClient;
			path = WeatherAPIFramework/APIClient;
			sourceTree = "<group>";
		};
		3749E78D29B798DA00C01A41 /* Utils */ = {
			isa = PBXGroup;
			children = (
				3749E78E29B798DA00C01A41 /* Constants.swift */,
			);
			name = Utils;
			path = WeatherAPIFramework/Utils;
			sourceTree = "<group>";
		};
		3749E79729B798EE00C01A41 /* WeatherAPIFrameworkTests */ = {
			isa = PBXGroup;
			children = (
				3749E79829B798EE00C01A41 /* WeatherAPIFrameworkTests.swift */,
			);
			path = WeatherAPIFrameworkTests;
			sourceTree = "<group>";
		};
		3761AB2F29B75BAA00C68588 = {
			isa = PBXGroup;
			children = (
				3761AB3B29B75BAA00C68588 /* WeatherAPIFramework */,
				3749E79729B798EE00C01A41 /* WeatherAPIFrameworkTests */,
				3761AB3A29B75BAA00C68588 /* Products */,
			);
			sourceTree = "<group>";
		};
		3761AB3A29B75BAA00C68588 /* Products */ = {
			isa = PBXGroup;
			children = (
				3761AB3929B75BAA00C68588 /* WeatherAPIFramework.framework */,
				3761AB4329B75BAA00C68588 /* WeatherAPIFrameworkTests.xctest */,
			);
			name = Products;
			sourceTree = "<group>";
		};
		3761AB3B29B75BAA00C68588 /* WeatherAPIFramework */ = {
			isa = PBXGroup;
			children = (
				3749E78429B798B900C01A41 /* Models */,
				3749E78729B798DA00C01A41 /* APIClient */,
				3749E78D29B798DA00C01A41 /* Utils */,
				3749E78C29B798DA00C01A41 /* WeatherApiCalls.swift */,
				3749E78F29B798DA00C01A41 /* WeatherAPIFramework.docc */,
				3749E78B29B798DA00C01A41 /* WeatherAPIFramework.h */,
			);
			path = WeatherAPIFramework;
			sourceTree = "<group>";
		};
/* End PBXGroup section */

/* Begin PBXHeadersBuildPhase section */
		3761AB3429B75BAA00C68588 /* Headers */ = {
			isa = PBXHeadersBuildPhase;
			buildActionMask = 2147483647;
			files = (
				3749E79329B798DA00C01A41 /* WeatherAPIFramework.h in Headers */,
			);
			runOnlyForDeploymentPostprocessing = 0;
		};
/* End PBXHeadersBuildPhase section */

/* Begin PBXNativeTarget section */
		3761AB3829B75BAA00C68588 /* WeatherAPIFramework */ = {
			isa = PBXNativeTarget;
			buildConfigurationList = 3761AB4D29B75BAA00C68588 /* Build configuration list for PBXNativeTarget "WeatherAPIFramework" */;
			buildPhases = (
				3761AB3429B75BAA00C68588 /* Headers */,
				3761AB3529B75BAA00C68588 /* Sources */,
				3761AB3629B75BAA00C68588 /* Frameworks */,
				3761AB3729B75BAA00C68588 /* Resources */,
			);
			buildRules = (
			);
			dependencies = (
			);
			name = WeatherAPIFramework;
			productName = WeatherAPIFramework;
			productReference = 3761AB3929B75BAA00C68588 /* WeatherAPIFramework.framework */;
			productType = "com.apple.product-type.framework";
		};
		3761AB4229B75BAA00C68588 /* WeatherAPIFrameworkTests */ = {
			isa = PBXNativeTarget;
			buildConfigurationList = 3761AB5029B75BAA00C68588 /* Build configuration list for PBXNativeTarget "WeatherAPIFrameworkTests" */;
			buildPhases = (
				3761AB3F29B75BAA00C68588 /* Sources */,
				3761AB4029B75BAA00C68588 /* Frameworks */,
				3761AB4129B75BAA00C68588 /* Resources */,
			);
			buildRules = (
			);
			dependencies = (
				3761AB4629B75BAA00C68588 /* PBXTargetDependency */,
			);
			name = WeatherAPIFrameworkTests;
			productName = WeatherAPIFrameworkTests;
			productReference = 3761AB4329B75BAA00C68588 /* WeatherAPIFrameworkTests.xctest */;
			productType = "com.apple.product-type.bundle.unit-test";
		};
/* End PBXNativeTarget section */

/* Begin PBXProject section */
		3761AB3029B75BAA00C68588 /* Project object */ = {
			isa = PBXProject;
			attributes = {
				BuildIndependentTargetsInParallel = 1;
				LastSwiftUpdateCheck = 1410;
				LastUpgradeCheck = 1410;
				TargetAttributes = {
					3761AB3829B75BAA00C68588 = {
						CreatedOnToolsVersion = 14.1;
					};
					3761AB4229B75BAA00C68588 = {
						CreatedOnToolsVersion = 14.1;
					};
				};
			};
			buildConfigurationList = 3761AB3329B75BAA00C68588 /* Build configuration list for PBXProject "WeatherAPIFramework" */;
			compatibilityVersion = "Xcode 14.0";
			developmentRegion = en;
			hasScannedForEncodings = 0;
			knownRegions = (
				en,
				Base,
			);
			mainGroup = 3761AB2F29B75BAA00C68588;
			productRefGroup = 3761AB3A29B75BAA00C68588 /* Products */;
			projectDirPath = "";
			projectRoot = "";
			targets = (
				3761AB3829B75BAA00C68588 /* WeatherAPIFramework */,
				3761AB4229B75BAA00C68588 /* WeatherAPIFrameworkTests */,
			);
		};
/* End PBXProject section */

/* Begin PBXResourcesBuildPhase section */
		3761AB3729B75BAA00C68588 /* Resources */ = {
			isa = PBXResourcesBuildPhase;
			buildActionMask = 2147483647;
			files = (
			);
			runOnlyForDeploymentPostprocessing = 0;
		};
		3761AB4129B75BAA00C68588 /* Resources */ = {
			isa = PBXResourcesBuildPhase;
			buildActionMask = 2147483647;
			files = (
			);
			runOnlyForDeploymentPostprocessing = 0;
		};
/* End PBXResourcesBuildPhase section */

/* Begin PBXSourcesBuildPhase section */
		3761AB3529B75BAA00C68588 /* Sources */ = {
			isa = PBXSourcesBuildPhase;
			buildActionMask = 2147483647;
			files = (
				3749E79029B798DA00C01A41 /* WFRequest.swift in Sources */,
				3749E79229B798DA00C01A41 /* WFEndPoints.swift in Sources */,
				3749E78629B798B900C01A41 /* Weather.swift in Sources */,
				3749E79429B798DA00C01A41 /* WeatherApiCalls.swift in Sources */,
				3749E79929B798EE00C01A41 /* WeatherAPIFrameworkTests.swift in Sources */,
				3749E79629B798DA00C01A41 /* WeatherAPIFramework.docc in Sources */,
				3749E79129B798DA00C01A41 /* WFService.swift in Sources */,
				3749E79529B798DA00C01A41 /* Constants.swift in Sources */,
			);
			runOnlyForDeploymentPostprocessing = 0;
		};
		3761AB3F29B75BAA00C68588 /* Sources */ = {
			isa = PBXSourcesBuildPhase;
			buildActionMask = 2147483647;
			files = (
			);
			runOnlyForDeploymentPostprocessing = 0;
		};
/* End PBXSourcesBuildPhase section */

/* Begin PBXTargetDependency section */
		3761AB4629B75BAA00C68588 /* PBXTargetDependency */ = {
			isa = PBXTargetDependency;
			target = 3761AB3829B75BAA00C68588 /* WeatherAPIFramework */;
			targetProxy = 3761AB4529B75BAA00C68588 /* PBXContainerItemProxy */;
		};
/* End PBXTargetDependency section */

/* Begin XCBuildConfiguration section */
		3761AB4B29B75BAA00C68588 /* Debug */ = {
			isa = XCBuildConfiguration;
			buildSettings = {
				ALWAYS_SEARCH_USER_PATHS = NO;
				CLANG_ANALYZER_NONNULL = YES;
				CLANG_ANALYZER_NUMBER_OBJECT_CONVERSION = YES_AGGRESSIVE;
				CLANG_CXX_LANGUAGE_STANDARD = "gnu++20";
				CLANG_ENABLE_MODULES = YES;
				CLANG_ENABLE_OBJC_ARC = YES;
				CLANG_ENABLE_OBJC_WEAK = YES;
				CLANG_WARN_BLOCK_CAPTURE_AUTORELEASING = YES;
				CLANG_WARN_BOOL_CONVERSION = YES;
				CLANG_WARN_COMMA = YES;
				CLANG_WARN_CONSTANT_CONVERSION = YES;
				CLANG_WARN_DEPRECATED_OBJC_IMPLEMENTATIONS = YES;
				CLANG_WARN_DIRECT_OBJC_ISA_USAGE = YES_ERROR;
				CLANG_WARN_DOCUMENTATION_COMMENTS = YES;
				CLANG_WARN_EMPTY_BODY = YES;
				CLANG_WARN_ENUM_CONVERSION = YES;
				CLANG_WARN_INFINITE_RECURSION = YES;
				CLANG_WARN_INT_CONVERSION = YES;
				CLANG_WARN_NON_LITERAL_NULL_CONVERSION = YES;
				CLANG_WARN_OBJC_IMPLICIT_RETAIN_SELF = YES;
				CLANG_WARN_OBJC_LITERAL_CONVERSION = YES;
				CLANG_WARN_OBJC_ROOT_CLASS = YES_ERROR;
				CLANG_WARN_QUOTED_INCLUDE_IN_FRAMEWORK_HEADER = YES;
				CLANG_WARN_RANGE_LOOP_ANALYSIS = YES;
				CLANG_WARN_STRICT_PROTOTYPES = YES;
				CLANG_WARN_SUSPICIOUS_MOVE = YES;
				CLANG_WARN_UNGUARDED_AVAILABILITY = YES_AGGRESSIVE;
				CLANG_WARN_UNREACHABLE_CODE = YES;
				CLANG_WARN__DUPLICATE_METHOD_MATCH = YES;
				COPY_PHASE_STRIP = NO;
				CURRENT_PROJECT_VERSION = 1;
				DEBUG_INFORMATION_FORMAT = dwarf;
				ENABLE_STRICT_OBJC_MSGSEND = YES;
				ENABLE_TESTABILITY = YES;
				GCC_C_LANGUAGE_STANDARD = gnu11;
				GCC_DYNAMIC_NO_PIC = NO;
				GCC_NO_COMMON_BLOCKS = YES;
				GCC_OPTIMIZATION_LEVEL = 0;
				GCC_PREPROCESSOR_DEFINITIONS = (
					"DEBUG=1",
					"$(inherited)",
				);
				GCC_WARN_64_TO_32_BIT_CONVERSION = YES;
				GCC_WARN_ABOUT_RETURN_TYPE = YES_ERROR;
				GCC_WARN_UNDECLARED_SELECTOR = YES;
				GCC_WARN_UNINITIALIZED_AUTOS = YES_AGGRESSIVE;
				GCC_WARN_UNUSED_FUNCTION = YES;
				GCC_WARN_UNUSED_VARIABLE = YES;
				IPHONEOS_DEPLOYMENT_TARGET = 11.0;
				MTL_ENABLE_DEBUG_INFO = INCLUDE_SOURCE;
				MTL_FAST_MATH = YES;
				ONLY_ACTIVE_ARCH = YES;
				SDKROOT = iphoneos;
				SWIFT_ACTIVE_COMPILATION_CONDITIONS = DEBUG;
				SWIFT_OPTIMIZATION_LEVEL = "-Onone";
				VERSIONING_SYSTEM = "apple-generic";
				VERSION_INFO_PREFIX = "";
			};
			name = Debug;
		};
		3761AB4C29B75BAA00C68588 /* Release */ = {
			isa = XCBuildConfiguration;
			buildSettings = {
				ALWAYS_SEARCH_USER_PATHS = NO;
				CLANG_ANALYZER_NONNULL = YES;
				CLANG_ANALYZER_NUMBER_OBJECT_CONVERSION = YES_AGGRESSIVE;
				CLANG_CXX_LANGUAGE_STANDARD = "gnu++20";
				CLANG_ENABLE_MODULES = YES;
				CLANG_ENABLE_OBJC_ARC = YES;
				CLANG_ENABLE_OBJC_WEAK = YES;
				CLANG_WARN_BLOCK_CAPTURE_AUTORELEASING = YES;
				CLANG_WARN_BOOL_CONVERSION = YES;
				CLANG_WARN_COMMA = YES;
				CLANG_WARN_CONSTANT_CONVERSION = YES;
				CLANG_WARN_DEPRECATED_OBJC_IMPLEMENTATIONS = YES;
				CLANG_WARN_DIRECT_OBJC_ISA_USAGE = YES_ERROR;
				CLANG_WARN_DOCUMENTATION_COMMENTS = YES;
				CLANG_WARN_EMPTY_BODY = YES;
				CLANG_WARN_ENUM_CONVERSION = YES;
				CLANG_WARN_INFINITE_RECURSION = YES;
				CLANG_WARN_INT_CONVERSION = YES;
				CLANG_WARN_NON_LITERAL_NULL_CONVERSION = YES;
				CLANG_WARN_OBJC_IMPLICIT_RETAIN_SELF = YES;
				CLANG_WARN_OBJC_LITERAL_CONVERSION = YES;
				CLANG_WARN_OBJC_ROOT_CLASS = YES_ERROR;
				CLANG_WARN_QUOTED_INCLUDE_IN_FRAMEWORK_HEADER = YES;
				CLANG_WARN_RANGE_LOOP_ANALYSIS = YES;
				CLANG_WARN_STRICT_PROTOTYPES = YES;
				CLANG_WARN_SUSPICIOUS_MOVE = YES;
				CLANG_WARN_UNGUARDED_AVAILABILITY = YES_AGGRESSIVE;
				CLANG_WARN_UNREACHABLE_CODE = YES;
				CLANG_WARN__DUPLICATE_METHOD_MATCH = YES;
				COPY_PHASE_STRIP = NO;
				CURRENT_PROJECT_VERSION = 1;
				DEBUG_INFORMATION_FORMAT = "dwarf-with-dsym";
				ENABLE_NS_ASSERTIONS = NO;
				ENABLE_STRICT_OBJC_MSGSEND = YES;
				GCC_C_LANGUAGE_STANDARD = gnu11;
				GCC_NO_COMMON_BLOCKS = YES;
				GCC_WARN_64_TO_32_BIT_CONVERSION = YES;
				GCC_WARN_ABOUT_RETURN_TYPE = YES_ERROR;
				GCC_WARN_UNDECLARED_SELECTOR = YES;
				GCC_WARN_UNINITIALIZED_AUTOS = YES_AGGRESSIVE;
				GCC_WARN_UNUSED_FUNCTION = YES;
				GCC_WARN_UNUSED_VARIABLE = YES;
				IPHONEOS_DEPLOYMENT_TARGET = 11.0;
				MTL_ENABLE_DEBUG_INFO = NO;
				MTL_FAST_MATH = YES;
				SDKROOT = iphoneos;
				SWIFT_COMPILATION_MODE = wholemodule;
				SWIFT_OPTIMIZATION_LEVEL = "-O";
				VALIDATE_PRODUCT = YES;
				VERSIONING_SYSTEM = "apple-generic";
				VERSION_INFO_PREFIX = "";
			};
			name = Release;
		};
		3761AB4E29B75BAA00C68588 /* Debug */ = {
			isa = XCBuildConfiguration;
			buildSettings = {
				CODE_SIGN_STYLE = Automatic;
				CURRENT_PROJECT_VERSION = 1;
				DEFINES_MODULE = YES;
				DEVELOPMENT_TEAM = 53GY2ZG88Y;
				DYLIB_COMPATIBILITY_VERSION = 1;
				DYLIB_CURRENT_VERSION = 1;
				DYLIB_INSTALL_NAME_BASE = "@rpath";
				GENERATE_INFOPLIST_FILE = YES;
				INFOPLIST_KEY_NSHumanReadableCopyright = "";
				INSTALL_PATH = "$(LOCAL_LIBRARY_DIR)/Frameworks";
				IPHONEOS_DEPLOYMENT_TARGET = 11.0;
				LD_RUNPATH_SEARCH_PATHS = (
					"$(inherited)",
					"@executable_path/Frameworks",
					"@loader_path/Frameworks",
				);
				MARKETING_VERSION = 1.0;
				PRODUCT_BUNDLE_IDENTIFIER = com.personal.WeatherAPIFramework;
				PRODUCT_NAME = "$(TARGET_NAME:c99extidentifier)";
				SKIP_INSTALL = YES;
				SWIFT_EMIT_LOC_STRINGS = YES;
				SWIFT_VERSION = 5.0;
				TARGETED_DEVICE_FAMILY = "1,2";
			};
			name = Debug;
		};
		3761AB4F29B75BAA00C68588 /* Release */ = {
			isa = XCBuildConfiguration;
			buildSettings = {
				CODE_SIGN_STYLE = Automatic;
				CURRENT_PROJECT_VERSION = 1;
				DEFINES_MODULE = YES;
				DEVELOPMENT_TEAM = 53GY2ZG88Y;
				DYLIB_COMPATIBILITY_VERSION = 1;
				DYLIB_CURRENT_VERSION = 1;
				DYLIB_INSTALL_NAME_BASE = "@rpath";
				GENERATE_INFOPLIST_FILE = YES;
				INFOPLIST_KEY_NSHumanReadableCopyright = "";
				INSTALL_PATH = "$(LOCAL_LIBRARY_DIR)/Frameworks";
				IPHONEOS_DEPLOYMENT_TARGET = 11.0;
				LD_RUNPATH_SEARCH_PATHS = (
					"$(inherited)",
					"@executable_path/Frameworks",
					"@loader_path/Frameworks",
				);
				MARKETING_VERSION = 1.0;
				PRODUCT_BUNDLE_IDENTIFIER = com.personal.WeatherAPIFramework;
				PRODUCT_NAME = "$(TARGET_NAME:c99extidentifier)";
				SKIP_INSTALL = YES;
				SWIFT_EMIT_LOC_STRINGS = YES;
				SWIFT_VERSION = 5.0;
				TARGETED_DEVICE_FAMILY = "1,2";
			};
			name = Release;
		};
		3761AB5129B75BAA00C68588 /* Debug */ = {
			isa = XCBuildConfiguration;
			buildSettings = {
				ALWAYS_EMBED_SWIFT_STANDARD_LIBRARIES = YES;
				CODE_SIGN_STYLE = Automatic;
				CURRENT_PROJECT_VERSION = 1;
				DEVELOPMENT_TEAM = 53GY2ZG88Y;
				GENERATE_INFOPLIST_FILE = YES;
				MARKETING_VERSION = 1.0;
				PRODUCT_BUNDLE_IDENTIFIER = com.personal.WeatherAPIFrameworkTests;
				PRODUCT_NAME = "$(TARGET_NAME)";
				SWIFT_EMIT_LOC_STRINGS = NO;
				SWIFT_VERSION = 5.0;
				TARGETED_DEVICE_FAMILY = "1,2";
			};
			name = Debug;
		};
		3761AB5229B75BAA00C68588 /* Release */ = {
			isa = XCBuildConfiguration;
			buildSettings = {
				ALWAYS_EMBED_SWIFT_STANDARD_LIBRARIES = YES;
				CODE_SIGN_STYLE = Automatic;
				CURRENT_PROJECT_VERSION = 1;
				DEVELOPMENT_TEAM = 53GY2ZG88Y;
				GENERATE_INFOPLIST_FILE = YES;
				MARKETING_VERSION = 1.0;
				PRODUCT_BUNDLE_IDENTIFIER = com.personal.WeatherAPIFrameworkTests;
				PRODUCT_NAME = "$(TARGET_NAME)";
				SWIFT_EMIT_LOC_STRINGS = NO;
				SWIFT_VERSION = 5.0;
				TARGETED_DEVICE_FAMILY = "1,2";
			};
			name = Release;
		};
/* End XCBuildConfiguration section */

/* Begin XCConfigurationList section */
		3761AB3329B75BAA00C68588 /* Build configuration list for PBXProject "WeatherAPIFramework" */ = {
			isa = XCConfigurationList;
			buildConfigurations = (
				3761AB4B29B75BAA00C68588 /* Debug */,
				3761AB4C29B75BAA00C68588 /* Release */,
			);
			defaultConfigurationIsVisible = 0;
			defaultConfigurationName = Release;
		};
		3761AB4D29B75BAA00C68588 /* Build configuration list for PBXNativeTarget "WeatherAPIFramework" */ = {
			isa = XCConfigurationList;
			buildConfigurations = (
				3761AB4E29B75BAA00C68588 /* Debug */,
				3761AB4F29B75BAA00C68588 /* Release */,
			);
			defaultConfigurationIsVisible = 0;
			defaultConfigurationName = Release;
		};
		3761AB5029B75BAA00C68588 /* Build configuration list for PBXNativeTarget "WeatherAPIFrameworkTests" */ = {
			isa = XCConfigurationList;
			buildConfigurations = (
				3761AB5129B75BAA00C68588 /* Debug */,
				3761AB5229B75BAA00C68588 /* Release */,
			);
			defaultConfigurationIsVisible = 0;
			defaultConfigurationName = Release;
		};
/* End XCConfigurationList section */
	};
	rootObject = 3761AB3029B75BAA00C68588 /* Project object */;
}
